// !$*UTF8*$!
{
	archiveVersion = 1;
	classes = {
	};
	objectVersion = 54;
	objects = {

/* Begin PBXBuildFile section */
		3202B04726D44166005EF0DF /* OpenBonCalendrierApp.swift in Sources */ = {isa = PBXBuildFile; fileRef = 3202B04626D44166005EF0DF /* OpenBonCalendrierApp.swift */; };
		3202B04926D44166005EF0DF /* ContentView.swift in Sources */ = {isa = PBXBuildFile; fileRef = 3202B04826D44166005EF0DF /* ContentView.swift */; };
		3202B04B26D44169005EF0DF /* Assets.xcassets in Resources */ = {isa = PBXBuildFile; fileRef = 3202B04A26D44169005EF0DF /* Assets.xcassets */; };
		3202B04E26D44169005EF0DF /* Preview Assets.xcassets in Resources */ = {isa = PBXBuildFile; fileRef = 3202B04D26D44169005EF0DF /* Preview Assets.xcassets */; };
		3202B05826D4416A005EF0DF /* OpenBonCalendrierTests.swift in Sources */ = {isa = PBXBuildFile; fileRef = 3202B05726D4416A005EF0DF /* OpenBonCalendrierTests.swift */; };
		3202B06226D4416A005EF0DF /* OpenBonCalendrierUITests.swift in Sources */ = {isa = PBXBuildFile; fileRef = 3202B06126D4416A005EF0DF /* OpenBonCalendrierUITests.swift */; };
		325BC46F26D49AE100787257 /* CloudKit.framework in Frameworks */ = {isa = PBXBuildFile; fileRef = 325BC46E26D49AE100787257 /* CloudKit.framework */; };
		325BC47326D4B9AC00787257 /* Course.swift in Sources */ = {isa = PBXBuildFile; fileRef = 325BC47226D4B9AC00787257 /* Course.swift */; };
		325BC47526D4BAA400787257 /* ToDo.swift in Sources */ = {isa = PBXBuildFile; fileRef = 325BC47426D4BAA400787257 /* ToDo.swift */; };
/* End PBXBuildFile section */

/* Begin PBXContainerItemProxy section */
		3202B05426D4416A005EF0DF /* PBXContainerItemProxy */ = {
			isa = PBXContainerItemProxy;
			containerPortal = 3202B03B26D44166005EF0DF /* Project object */;
			proxyType = 1;
			remoteGlobalIDString = 3202B04226D44166005EF0DF;
			remoteInfo = OpenBonCalendrier;
		};
		3202B05E26D4416A005EF0DF /* PBXContainerItemProxy */ = {
			isa = PBXContainerItemProxy;
			containerPortal = 3202B03B26D44166005EF0DF /* Project object */;
			proxyType = 1;
			remoteGlobalIDString = 3202B04226D44166005EF0DF;
			remoteInfo = OpenBonCalendrier;
		};
/* End PBXContainerItemProxy section */

/* Begin PBXFileReference section */
		3202B04326D44166005EF0DF /* OpenBonCalendrier.app */ = {isa = PBXFileReference; explicitFileType = wrapper.application; includeInIndex = 0; path = OpenBonCalendrier.app; sourceTree = BUILT_PRODUCTS_DIR; };
		3202B04626D44166005EF0DF /* OpenBonCalendrierApp.swift */ = {isa = PBXFileReference; lastKnownFileType = sourcecode.swift; path = OpenBonCalendrierApp.swift; sourceTree = "<group>"; };
		3202B04826D44166005EF0DF /* ContentView.swift */ = {isa = PBXFileReference; lastKnownFileType = sourcecode.swift; path = ContentView.swift; sourceTree = "<group>"; };
		3202B04A26D44169005EF0DF /* Assets.xcassets */ = {isa = PBXFileReference; lastKnownFileType = folder.assetcatalog; path = Assets.xcassets; sourceTree = "<group>"; };
		3202B04D26D44169005EF0DF /* Preview Assets.xcassets */ = {isa = PBXFileReference; lastKnownFileType = folder.assetcatalog; path = "Preview Assets.xcassets"; sourceTree = "<group>"; };
		3202B05326D4416A005EF0DF /* OpenBonCalendrierTests.xctest */ = {isa = PBXFileReference; explicitFileType = wrapper.cfbundle; includeInIndex = 0; path = OpenBonCalendrierTests.xctest; sourceTree = BUILT_PRODUCTS_DIR; };
		3202B05726D4416A005EF0DF /* OpenBonCalendrierTests.swift */ = {isa = PBXFileReference; lastKnownFileType = sourcecode.swift; path = OpenBonCalendrierTests.swift; sourceTree = "<group>"; };
		3202B05D26D4416A005EF0DF /* OpenBonCalendrierUITests.xctest */ = {isa = PBXFileReference; explicitFileType = wrapper.cfbundle; includeInIndex = 0; path = OpenBonCalendrierUITests.xctest; sourceTree = BUILT_PRODUCTS_DIR; };
		3202B06126D4416A005EF0DF /* OpenBonCalendrierUITests.swift */ = {isa = PBXFileReference; lastKnownFileType = sourcecode.swift; path = OpenBonCalendrierUITests.swift; sourceTree = "<group>"; };
		325BC46B26D49A9C00787257 /* Info.plist */ = {isa = PBXFileReference; lastKnownFileType = text.plist; path = Info.plist; sourceTree = "<group>"; };
		325BC46C26D49AB500787257 /* OpenBonCalendrier.entitlements */ = {isa = PBXFileReference; lastKnownFileType = text.plist.entitlements; path = OpenBonCalendrier.entitlements; sourceTree = "<group>"; };
		325BC46E26D49AE100787257 /* CloudKit.framework */ = {isa = PBXFileReference; lastKnownFileType = wrapper.framework; name = CloudKit.framework; path = System/Library/Frameworks/CloudKit.framework; sourceTree = SDKROOT; };
		325BC47226D4B9AC00787257 /* Course.swift */ = {isa = PBXFileReference; lastKnownFileType = sourcecode.swift; path = Course.swift; sourceTree = "<group>"; };
		325BC47426D4BAA400787257 /* ToDo.swift */ = {isa = PBXFileReference; lastKnownFileType = sourcecode.swift; path = ToDo.swift; sourceTree = "<group>"; };
/* End PBXFileReference section */

/* Begin PBXFrameworksBuildPhase section */
		3202B04026D44166005EF0DF /* Frameworks */ = {
			isa = PBXFrameworksBuildPhase;
			buildActionMask = 2147483647;
			files = (
				325BC46F26D49AE100787257 /* CloudKit.framework in Frameworks */,
			);
			runOnlyForDeploymentPostprocessing = 0;
		};
		3202B05026D4416A005EF0DF /* Frameworks */ = {
			isa = PBXFrameworksBuildPhase;
			buildActionMask = 2147483647;
			files = (
			);
			runOnlyForDeploymentPostprocessing = 0;
		};
		3202B05A26D4416A005EF0DF /* Frameworks */ = {
			isa = PBXFrameworksBuildPhase;
			buildActionMask = 2147483647;
			files = (
			);
			runOnlyForDeploymentPostprocessing = 0;
		};
/* End PBXFrameworksBuildPhase section */

/* Begin PBXGroup section */
		3202B03A26D44166005EF0DF = {
			isa = PBXGroup;
			children = (
				3202B04526D44166005EF0DF /* OpenBonCalendrier */,
				3202B05626D4416A005EF0DF /* OpenBonCalendrierTests */,
				3202B06026D4416A005EF0DF /* OpenBonCalendrierUITests */,
				3202B04426D44166005EF0DF /* Products */,
				325BC46D26D49AE100787257 /* Frameworks */,
			);
			sourceTree = "<group>";
		};
		3202B04426D44166005EF0DF /* Products */ = {
			isa = PBXGroup;
			children = (
				3202B04326D44166005EF0DF /* OpenBonCalendrier.app */,
				3202B05326D4416A005EF0DF /* OpenBonCalendrierTests.xctest */,
				3202B05D26D4416A005EF0DF /* OpenBonCalendrierUITests.xctest */,
			);
			name = Products;
			sourceTree = "<group>";
		};
		3202B04526D44166005EF0DF /* OpenBonCalendrier */ = {
			isa = PBXGroup;
			children = (
				325BC47126D4B82A00787257 /* Utility */,
				325BC47026D4B82100787257 /* View */,
				325BC46C26D49AB500787257 /* OpenBonCalendrier.entitlements */,
				325BC46B26D49A9C00787257 /* Info.plist */,
				3202B04626D44166005EF0DF /* OpenBonCalendrierApp.swift */,
				3202B04826D44166005EF0DF /* ContentView.swift */,
				3202B04A26D44169005EF0DF /* Assets.xcassets */,
				3202B04C26D44169005EF0DF /* Preview Content */,
			);
			path = OpenBonCalendrier;
			sourceTree = "<group>";
		};
		3202B04C26D44169005EF0DF /* Preview Content */ = {
			isa = PBXGroup;
			children = (
				3202B04D26D44169005EF0DF /* Preview Assets.xcassets */,
			);
			path = "Preview Content";
			sourceTree = "<group>";
		};
		3202B05626D4416A005EF0DF /* OpenBonCalendrierTests */ = {
			isa = PBXGroup;
			children = (
				3202B05726D4416A005EF0DF /* OpenBonCalendrierTests.swift */,
			);
			path = OpenBonCalendrierTests;
			sourceTree = "<group>";
		};
		3202B06026D4416A005EF0DF /* OpenBonCalendrierUITests */ = {
			isa = PBXGroup;
			children = (
				3202B06126D4416A005EF0DF /* OpenBonCalendrierUITests.swift */,
			);
			path = OpenBonCalendrierUITests;
			sourceTree = "<group>";
		};
		325BC46D26D49AE100787257 /* Frameworks */ = {
			isa = PBXGroup;
			children = (
				325BC46E26D49AE100787257 /* CloudKit.framework */,
			);
			name = Frameworks;
			sourceTree = "<group>";
		};
		325BC47026D4B82100787257 /* View */ = {
			isa = PBXGroup;
			children = (
			);
			path = View;
			sourceTree = "<group>";
		};
		325BC47126D4B82A00787257 /* Utility */ = {
			isa = PBXGroup;
			children = (
				325BC47226D4B9AC00787257 /* Course.swift */,
				325BC47426D4BAA400787257 /* ToDo.swift */,
			);
			path = Utility;
			sourceTree = "<group>";
		};
/* End PBXGroup section */

/* Begin PBXNativeTarget section */
		3202B04226D44166005EF0DF /* OpenBonCalendrier */ = {
			isa = PBXNativeTarget;
			buildConfigurationList = 3202B06526D4416A005EF0DF /* Build configuration list for PBXNativeTarget "OpenBonCalendrier" */;
			buildPhases = (
				3202B03F26D44166005EF0DF /* Sources */,
				3202B04026D44166005EF0DF /* Frameworks */,
				3202B04126D44166005EF0DF /* Resources */,
			);
			buildRules = (
			);
			dependencies = (
			);
			name = OpenBonCalendrier;
			productName = OpenBonCalendrier;
			productReference = 3202B04326D44166005EF0DF /* OpenBonCalendrier.app */;
			productType = "com.apple.product-type.application";
		};
		3202B05226D4416A005EF0DF /* OpenBonCalendrierTests */ = {
			isa = PBXNativeTarget;
			buildConfigurationList = 3202B06826D4416A005EF0DF /* Build configuration list for PBXNativeTarget "OpenBonCalendrierTests" */;
			buildPhases = (
				3202B04F26D4416A005EF0DF /* Sources */,
				3202B05026D4416A005EF0DF /* Frameworks */,
				3202B05126D4416A005EF0DF /* Resources */,
			);
			buildRules = (
			);
			dependencies = (
				3202B05526D4416A005EF0DF /* PBXTargetDependency */,
			);
			name = OpenBonCalendrierTests;
			productName = OpenBonCalendrierTests;
			productReference = 3202B05326D4416A005EF0DF /* OpenBonCalendrierTests.xctest */;
			productType = "com.apple.product-type.bundle.unit-test";
		};
		3202B05C26D4416A005EF0DF /* OpenBonCalendrierUITests */ = {
			isa = PBXNativeTarget;
			buildConfigurationList = 3202B06B26D4416A005EF0DF /* Build configuration list for PBXNativeTarget "OpenBonCalendrierUITests" */;
			buildPhases = (
				3202B05926D4416A005EF0DF /* Sources */,
				3202B05A26D4416A005EF0DF /* Frameworks */,
				3202B05B26D4416A005EF0DF /* Resources */,
			);
			buildRules = (
			);
			dependencies = (
				3202B05F26D4416A005EF0DF /* PBXTargetDependency */,
			);
			name = OpenBonCalendrierUITests;
			productName = OpenBonCalendrierUITests;
			productReference = 3202B05D26D4416A005EF0DF /* OpenBonCalendrierUITests.xctest */;
			productType = "com.apple.product-type.bundle.ui-testing";
		};
/* End PBXNativeTarget section */

/* Begin PBXProject section */
		3202B03B26D44166005EF0DF /* Project object */ = {
			isa = PBXProject;
			attributes = {
				BuildIndependentTargetsInParallel = 1;
				LastSwiftUpdateCheck = 1300;
				LastUpgradeCheck = 1300;
				TargetAttributes = {
					3202B04226D44166005EF0DF = {
						CreatedOnToolsVersion = 13.0;
					};
					3202B05226D4416A005EF0DF = {
						CreatedOnToolsVersion = 13.0;
						TestTargetID = 3202B04226D44166005EF0DF;
					};
					3202B05C26D4416A005EF0DF = {
						CreatedOnToolsVersion = 13.0;
						TestTargetID = 3202B04226D44166005EF0DF;
					};
				};
			};
			buildConfigurationList = 3202B03E26D44166005EF0DF /* Build configuration list for PBXProject "OpenBonCalendrier" */;
			compatibilityVersion = "Xcode 12.0";
			developmentRegion = en;
			hasScannedForEncodings = 0;
			knownRegions = (
				en,
				Base,
			);
			mainGroup = 3202B03A26D44166005EF0DF;
			productRefGroup = 3202B04426D44166005EF0DF /* Products */;
			projectDirPath = "";
			projectRoot = "";
			targets = (
				3202B04226D44166005EF0DF /* OpenBonCalendrier */,
				3202B05226D4416A005EF0DF /* OpenBonCalendrierTests */,
				3202B05C26D4416A005EF0DF /* OpenBonCalendrierUITests */,
			);
		};
/* End PBXProject section */

/* Begin PBXResourcesBuildPhase section */
		3202B04126D44166005EF0DF /* Resources */ = {
			isa = PBXResourcesBuildPhase;
			buildActionMask = 2147483647;
			files = (
				3202B04E26D44169005EF0DF /* Preview Assets.xcassets in Resources */,
				3202B04B26D44169005EF0DF /* Assets.xcassets in Resources */,
			);
			runOnlyForDeploymentPostprocessing = 0;
		};
		3202B05126D4416A005EF0DF /* Resources */ = {
			isa = PBXResourcesBuildPhase;
			buildActionMask = 2147483647;
			files = (
			);
			runOnlyForDeploymentPostprocessing = 0;
		};
		3202B05B26D4416A005EF0DF /* Resources */ = {
			isa = PBXResourcesBuildPhase;
			buildActionMask = 2147483647;
			files = (
			);
			runOnlyForDeploymentPostprocessing = 0;
		};
/* End PBXResourcesBuildPhase section */

/* Begin PBXSourcesBuildPhase section */
		3202B03F26D44166005EF0DF /* Sources */ = {
			isa = PBXSourcesBuildPhase;
			buildActionMask = 2147483647;
			files = (
				325BC47526D4BAA400787257 /* ToDo.swift in Sources */,
				325BC47326D4B9AC00787257 /* Course.swift in Sources */,
				3202B04926D44166005EF0DF /* ContentView.swift in Sources */,
				3202B04726D44166005EF0DF /* OpenBonCalendrierApp.swift in Sources */,
			);
			runOnlyForDeploymentPostprocessing = 0;
		};
		3202B04F26D4416A005EF0DF /* Sources */ = {
			isa = PBXSourcesBuildPhase;
			buildActionMask = 2147483647;
			files = (
				3202B05826D4416A005EF0DF /* OpenBonCalendrierTests.swift in Sources */,
			);
			runOnlyForDeploymentPostprocessing = 0;
		};
		3202B05926D4416A005EF0DF /* Sources */ = {
			isa = PBXSourcesBuildPhase;
			buildActionMask = 2147483647;
			files = (
				3202B06226D4416A005EF0DF /* OpenBonCalendrierUITests.swift in Sources */,
			);
			runOnlyForDeploymentPostprocessing = 0;
		};
/* End PBXSourcesBuildPhase section */

/* Begin PBXTargetDependency section */
		3202B05526D4416A005EF0DF /* PBXTargetDependency */ = {
			isa = PBXTargetDependency;
			target = 3202B04226D44166005EF0DF /* OpenBonCalendrier */;
			targetProxy = 3202B05426D4416A005EF0DF /* PBXContainerItemProxy */;
		};
		3202B05F26D4416A005EF0DF /* PBXTargetDependency */ = {
			isa = PBXTargetDependency;
			target = 3202B04226D44166005EF0DF /* OpenBonCalendrier */;
			targetProxy = 3202B05E26D4416A005EF0DF /* PBXContainerItemProxy */;
		};
/* End PBXTargetDependency section */

/* Begin XCBuildConfiguration section */
		3202B06326D4416A005EF0DF /* Debug */ = {
			isa = XCBuildConfiguration;
			buildSettings = {
				ALWAYS_SEARCH_USER_PATHS = NO;
				CLANG_ANALYZER_NONNULL = YES;
				CLANG_ANALYZER_NUMBER_OBJECT_CONVERSION = YES_AGGRESSIVE;
				CLANG_CXX_LANGUAGE_STANDARD = "gnu++14";
				CLANG_CXX_LIBRARY = "libc++";
				CLANG_ENABLE_MODULES = YES;
				CLANG_ENABLE_OBJC_ARC = YES;
				CLANG_ENABLE_OBJC_WEAK = YES;
				CLANG_WARN_BLOCK_CAPTURE_AUTORELEASING = YES;
				CLANG_WARN_BOOL_CONVERSION = YES;
				CLANG_WARN_COMMA = YES;
				CLANG_WARN_CONSTANT_CONVERSION = YES;
				CLANG_WARN_DEPRECATED_OBJC_IMPLEMENTATIONS = YES;
				CLANG_WARN_DIRECT_OBJC_ISA_USAGE = YES_ERROR;
				CLANG_WARN_DOCUMENTATION_COMMENTS = YES;
				CLANG_WARN_EMPTY_BODY = YES;
				CLANG_WARN_ENUM_CONVERSION = YES;
				CLANG_WARN_INFINITE_RECURSION = YES;
				CLANG_WARN_INT_CONVERSION = YES;
				CLANG_WARN_NON_LITERAL_NULL_CONVERSION = YES;
				CLANG_WARN_OBJC_IMPLICIT_RETAIN_SELF = YES;
				CLANG_WARN_OBJC_LITERAL_CONVERSION = YES;
				CLANG_WARN_OBJC_ROOT_CLASS = YES_ERROR;
				CLANG_WARN_QUOTED_INCLUDE_IN_FRAMEWORK_HEADER = YES;
				CLANG_WARN_RANGE_LOOP_ANALYSIS = YES;
				CLANG_WARN_STRICT_PROTOTYPES = YES;
				CLANG_WARN_SUSPICIOUS_MOVE = YES;
				CLANG_WARN_UNGUARDED_AVAILABILITY = YES_AGGRESSIVE;
				CLANG_WARN_UNREACHABLE_CODE = YES;
				CLANG_WARN__DUPLICATE_METHOD_MATCH = YES;
				COPY_PHASE_STRIP = NO;
				DEBUG_INFORMATION_FORMAT = dwarf;
				ENABLE_STRICT_OBJC_MSGSEND = YES;
				ENABLE_TESTABILITY = YES;
				GCC_C_LANGUAGE_STANDARD = gnu11;
				GCC_DYNAMIC_NO_PIC = NO;
				GCC_NO_COMMON_BLOCKS = YES;
				GCC_OPTIMIZATION_LEVEL = 0;
				GCC_PREPROCESSOR_DEFINITIONS = (
					"DEBUG=1",
					"$(inherited)",
				);
				GCC_WARN_64_TO_32_BIT_CONVERSION = YES;
				GCC_WARN_ABOUT_RETURN_TYPE = YES_ERROR;
				GCC_WARN_UNDECLARED_SELECTOR = YES;
				GCC_WARN_UNINITIALIZED_AUTOS = YES_AGGRESSIVE;
				GCC_WARN_UNUSED_FUNCTION = YES;
				GCC_WARN_UNUSED_VARIABLE = YES;
				IPHONEOS_DEPLOYMENT_TARGET = 15.0;
				MTL_ENABLE_DEBUG_INFO = INCLUDE_SOURCE;
				MTL_FAST_MATH = YES;
				ONLY_ACTIVE_ARCH = YES;
				SDKROOT = iphoneos;
				SWIFT_ACTIVE_COMPILATION_CONDITIONS = DEBUG;
				SWIFT_OPTIMIZATION_LEVEL = "-Onone";
			};
			name = Debug;
		};
		3202B06426D4416A005EF0DF /* Release */ = {
			isa = XCBuildConfiguration;
			buildSettings = {
				ALWAYS_SEARCH_USER_PATHS = NO;
				CLANG_ANALYZER_NONNULL = YES;
				CLANG_ANALYZER_NUMBER_OBJECT_CONVERSION = YES_AGGRESSIVE;
				CLANG_CXX_LANGUAGE_STANDARD = "gnu++14";
				CLANG_CXX_LIBRARY = "libc++";
				CLANG_ENABLE_MODULES = YES;
				CLANG_ENABLE_OBJC_ARC = YES;
				CLANG_ENABLE_OBJC_WEAK = YES;
				CLANG_WARN_BLOCK_CAPTURE_AUTORELEASING = YES;
				CLANG_WARN_BOOL_CONVERSION = YES;
				CLANG_WARN_COMMA = YES;
				CLANG_WARN_CONSTANT_CONVERSION = YES;
				CLANG_WARN_DEPRECATED_OBJC_IMPLEMENTATIONS = YES;
				CLANG_WARN_DIRECT_OBJC_ISA_USAGE = YES_ERROR;
				CLANG_WARN_DOCUMENTATION_COMMENTS = YES;
				CLANG_WARN_EMPTY_BODY = YES;
				CLANG_WARN_ENUM_CONVERSION = YES;
				CLANG_WARN_INFINITE_RECURSION = YES;
				CLANG_WARN_INT_CONVERSION = YES;
				CLANG_WARN_NON_LITERAL_NULL_CONVERSION = YES;
				CLANG_WARN_OBJC_IMPLICIT_RETAIN_SELF = YES;
				CLANG_WARN_OBJC_LITERAL_CONVERSION = YES;
				CLANG_WARN_OBJC_ROOT_CLASS = YES_ERROR;
				CLANG_WARN_QUOTED_INCLUDE_IN_FRAMEWORK_HEADER = YES;
				CLANG_WARN_RANGE_LOOP_ANALYSIS = YES;
				CLANG_WARN_STRICT_PROTOTYPES = YES;
				CLANG_WARN_SUSPICIOUS_MOVE = YES;
				CLANG_WARN_UNGUARDED_AVAILABILITY = YES_AGGRESSIVE;
				CLANG_WARN_UNREACHABLE_CODE = YES;
				CLANG_WARN__DUPLICATE_METHOD_MATCH = YES;
				COPY_PHASE_STRIP = NO;
				DEBUG_INFORMATION_FORMAT = "dwarf-with-dsym";
				ENABLE_NS_ASSERTIONS = NO;
				ENABLE_STRICT_OBJC_MSGSEND = YES;
				GCC_C_LANGUAGE_STANDARD = gnu11;
				GCC_NO_COMMON_BLOCKS = YES;
				GCC_WARN_64_TO_32_BIT_CONVERSION = YES;
				GCC_WARN_ABOUT_RETURN_TYPE = YES_ERROR;
				GCC_WARN_UNDECLARED_SELECTOR = YES;
				GCC_WARN_UNINITIALIZED_AUTOS = YES_AGGRESSIVE;
				GCC_WARN_UNUSED_FUNCTION = YES;
				GCC_WARN_UNUSED_VARIABLE = YES;
				IPHONEOS_DEPLOYMENT_TARGET = 15.0;
				MTL_ENABLE_DEBUG_INFO = NO;
				MTL_FAST_MATH = YES;
				SDKROOT = iphoneos;
				SWIFT_COMPILATION_MODE = wholemodule;
				SWIFT_OPTIMIZATION_LEVEL = "-O";
				VALIDATE_PRODUCT = YES;
			};
			name = Release;
		};
		3202B06626D4416A005EF0DF /* Debug */ = {
			isa = XCBuildConfiguration;
			buildSettings = {
				ASSETCATALOG_COMPILER_APPICON_NAME = AppIcon;
				ASSETCATALOG_COMPILER_GLOBAL_ACCENT_COLOR_NAME = AccentColor;
				CODE_SIGN_ENTITLEMENTS = OpenBonCalendrier/OpenBonCalendrier.entitlements;
				CODE_SIGN_STYLE = Automatic;
				CURRENT_PROJECT_VERSION = 1;
				DEVELOPMENT_ASSET_PATHS = "\"OpenBonCalendrier/Preview Content\"";
				DEVELOPMENT_TEAM = 2W7LLA9UZK;
				ENABLE_PREVIEWS = YES;
				GENERATE_INFOPLIST_FILE = YES;
				INFOPLIST_FILE = OpenBonCalendrier/Info.plist;
				INFOPLIST_KEY_CFBundleExecutable = OpenBonCalendrier;
				INFOPLIST_KEY_CFBundleName = OpenBonCalendrier;
				INFOPLIST_KEY_CFBundleVersion = 1;
				INFOPLIST_KEY_UIApplicationSceneManifest_Generation = YES;
				INFOPLIST_KEY_UIApplicationSupportsIndirectInputEvents = YES;
				INFOPLIST_KEY_UILaunchScreen_Generation = YES;
				INFOPLIST_KEY_UISupportedInterfaceOrientations_iPad = "UIInterfaceOrientationPortrait UIInterfaceOrientationPortraitUpsideDown UIInterfaceOrientationLandscapeLeft UIInterfaceOrientationLandscapeRight";
				INFOPLIST_KEY_UISupportedInterfaceOrientations_iPhone = "UIInterfaceOrientationPortrait UIInterfaceOrientationLandscapeLeft UIInterfaceOrientationLandscapeRight";
				IPHONEOS_DEPLOYMENT_TARGET = 14.0;
				LD_RUNPATH_SEARCH_PATHS = (
					"$(inherited)",
					"@executable_path/Frameworks",
				);
				MARKETING_VERSION = 0.0.1;
				PRODUCT_BUNDLE_IDENTIFIER = "xyz.ethan-hanlon.OpenBonCalendrier";
				PRODUCT_NAME = "$(TARGET_NAME)";
				SWIFT_EMIT_LOC_STRINGS = YES;
				SWIFT_VERSION = 5.0;
				TARGETED_DEVICE_FAMILY = "1,2";
			};
			name = Debug;
		};
		3202B06726D4416A005EF0DF /* Release */ = {
			isa = XCBuildConfiguration;
			buildSettings = {
				ASSETCATALOG_COMPILER_APPICON_NAME = AppIcon;
				ASSETCATALOG_COMPILER_GLOBAL_ACCENT_COLOR_NAME = AccentColor;
				CODE_SIGN_ENTITLEMENTS = OpenBonCalendrier/OpenBonCalendrier.entitlements;
				CODE_SIGN_STYLE = Automatic;
				CURRENT_PROJECT_VERSION = 1;
				DEVELOPMENT_ASSET_PATHS = "\"OpenBonCalendrier/Preview Content\"";
				DEVELOPMENT_TEAM = 2W7LLA9UZK;
				ENABLE_PREVIEWS = YES;
				GENERATE_INFOPLIST_FILE = YES;
				INFOPLIST_FILE = OpenBonCalendrier/Info.plist;
				INFOPLIST_KEY_CFBundleExecutable = OpenBonCalendrier;
				INFOPLIST_KEY_CFBundleName = OpenBonCalendrier;
				INFOPLIST_KEY_CFBundleVersion = 1;
				INFOPLIST_KEY_UIApplicationSceneManifest_Generation = YES;
				INFOPLIST_KEY_UIApplicationSupportsIndirectInputEvents = YES;
				INFOPLIST_KEY_UILaunchScreen_Generation = YES;
				INFOPLIST_KEY_UISupportedInterfaceOrientations_iPad = "UIInterfaceOrientationPortrait UIInterfaceOrientationPortraitUpsideDown UIInterfaceOrientationLandscapeLeft UIInterfaceOrientationLandscapeRight";
				INFOPLIST_KEY_UISupportedInterfaceOrientations_iPhone = "UIInterfaceOrientationPortrait UIInterfaceOrientationLandscapeLeft UIInterfaceOrientationLandscapeRight";
				IPHONEOS_DEPLOYMENT_TARGET = 14.0;
				LD_RUNPATH_SEARCH_PATHS = (
					"$(inherited)",
					"@executable_path/Frameworks",
				);
				MARKETING_VERSION = 0.0.1;
				PRODUCT_BUNDLE_IDENTIFIER = "xyz.ethan-hanlon.OpenBonCalendrier";
				PRODUCT_NAME = "$(TARGET_NAME)";
				SWIFT_EMIT_LOC_STRINGS = YES;
				SWIFT_VERSION = 5.0;
				TARGETED_DEVICE_FAMILY = "1,2";
			};
			name = Release;
		};
		3202B06926D4416A005EF0DF /* Debug */ = {
			isa = XCBuildConfiguration;
			buildSettings = {
				ALWAYS_EMBED_SWIFT_STANDARD_LIBRARIES = YES;
				BUNDLE_LOADER = "$(TEST_HOST)";
				CODE_SIGN_STYLE = Automatic;
				CURRENT_PROJECT_VERSION = 1;
				DEVELOPMENT_TEAM = 2W7LLA9UZK;
				GENERATE_INFOPLIST_FILE = YES;
				IPHONEOS_DEPLOYMENT_TARGET = 14.0;
				LD_RUNPATH_SEARCH_PATHS = (
					"$(inherited)",
					"@executable_path/Frameworks",
					"@loader_path/Frameworks",
				);
				MARKETING_VERSION = 1.0;
				PRODUCT_BUNDLE_IDENTIFIER = "xyz.ethan-hanlon.OpenBonCalendrierTests";
				PRODUCT_NAME = "$(TARGET_NAME)";
				SWIFT_EMIT_LOC_STRINGS = NO;
				SWIFT_VERSION = 5.0;
				TARGETED_DEVICE_FAMILY = "1,2";
				TEST_HOST = "$(BUILT_PRODUCTS_DIR)/OpenBonCalendrier.app/OpenBonCalendrier";
			};
			name = Debug;
		};
		3202B06A26D4416A005EF0DF /* Release */ = {
			isa = XCBuildConfiguration;
			buildSettings = {
				ALWAYS_EMBED_SWIFT_STANDARD_LIBRARIES = YES;
				BUNDLE_LOADER = "$(TEST_HOST)";
				CODE_SIGN_STYLE = Automatic;
				CURRENT_PROJECT_VERSION = 1;
				DEVELOPMENT_TEAM = 2W7LLA9UZK;
				GENERATE_INFOPLIST_FILE = YES;
				IPHONEOS_DEPLOYMENT_TARGET = 14.0;
				LD_RUNPATH_SEARCH_PATHS = (
					"$(inherited)",
					"@executable_path/Frameworks",
					"@loader_path/Frameworks",
				);
				MARKETING_VERSION = 1.0;
				PRODUCT_BUNDLE_IDENTIFIER = "xyz.ethan-hanlon.OpenBonCalendrierTests";
				PRODUCT_NAME = "$(TARGET_NAME)";
				SWIFT_EMIT_LOC_STRINGS = NO;
				SWIFT_VERSION = 5.0;
				TARGETED_DEVICE_FAMILY = "1,2";
				TEST_HOST = "$(BUILT_PRODUCTS_DIR)/OpenBonCalendrier.app/OpenBonCalendrier";
			};
			name = Release;
		};
		3202B06C26D4416A005EF0DF /* Debug */ = {
			isa = XCBuildConfiguration;
			buildSettings = {
				ALWAYS_EMBED_SWIFT_STANDARD_LIBRARIES = YES;
				CODE_SIGN_STYLE = Automatic;
				CURRENT_PROJECT_VERSION = 1;
				DEVELOPMENT_TEAM = 2W7LLA9UZK;
				GENERATE_INFOPLIST_FILE = YES;
				LD_RUNPATH_SEARCH_PATHS = (
					"$(inherited)",
					"@executable_path/Frameworks",
					"@loader_path/Frameworks",
				);
				MARKETING_VERSION = 1.0;
				PRODUCT_BUNDLE_IDENTIFIER = "xyz.ethan-hanlon.OpenBonCalendrierUITests";
				PRODUCT_NAME = "$(TARGET_NAME)";
				SWIFT_EMIT_LOC_STRINGS = NO;
				SWIFT_VERSION = 5.0;
				TARGETED_DEVICE_FAMILY = "1,2";
				TEST_TARGET_NAME = OpenBonCalendrier;
			};
			name = Debug;
		};
		3202B06D26D4416A005EF0DF /* Release */ = {
			isa = XCBuildConfiguration;
			buildSettings = {
				ALWAYS_EMBED_SWIFT_STANDARD_LIBRARIES = YES;
				CODE_SIGN_STYLE = Automatic;
				CURRENT_PROJECT_VERSION = 1;
				DEVELOPMENT_TEAM = 2W7LLA9UZK;
				GENERATE_INFOPLIST_FILE = YES;
				LD_RUNPATH_SEARCH_PATHS = (
					"$(inherited)",
					"@executable_path/Frameworks",
					"@loader_path/Frameworks",
				);
				MARKETING_VERSION = 1.0;
				PRODUCT_BUNDLE_IDENTIFIER = "xyz.ethan-hanlon.OpenBonCalendrierUITests";
				PRODUCT_NAME = "$(TARGET_NAME)";
				SWIFT_EMIT_LOC_STRINGS = NO;
				SWIFT_VERSION = 5.0;
				TARGETED_DEVICE_FAMILY = "1,2";
				TEST_TARGET_NAME = OpenBonCalendrier;
			};
			name = Release;
		};
/* End XCBuildConfiguration section */

/* Begin XCConfigurationList section */
		3202B03E26D44166005EF0DF /* Build configuration list for PBXProject "OpenBonCalendrier" */ = {
			isa = XCConfigurationList;
			buildConfigurations = (
				3202B06326D4416A005EF0DF /* Debug */,
				3202B06426D4416A005EF0DF /* Release */,
			);
			defaultConfigurationIsVisible = 0;
			defaultConfigurationName = Release;
		};
		3202B06526D4416A005EF0DF /* Build configuration list for PBXNativeTarget "OpenBonCalendrier" */ = {
			isa = XCConfigurationList;
			buildConfigurations = (
				3202B06626D4416A005EF0DF /* Debug */,
				3202B06726D4416A005EF0DF /* Release */,
			);
			defaultConfigurationIsVisible = 0;
			defaultConfigurationName = Release;
		};
		3202B06826D4416A005EF0DF /* Build configuration list for PBXNativeTarget "OpenBonCalendrierTests" */ = {
			isa = XCConfigurationList;
			buildConfigurations = (
				3202B06926D4416A005EF0DF /* Debug */,
				3202B06A26D4416A005EF0DF /* Release */,
			);
			defaultConfigurationIsVisible = 0;
			defaultConfigurationName = Release;
		};
		3202B06B26D4416A005EF0DF /* Build configuration list for PBXNativeTarget "OpenBonCalendrierUITests" */ = {
			isa = XCConfigurationList;
			buildConfigurations = (
				3202B06C26D4416A005EF0DF /* Debug */,
				3202B06D26D4416A005EF0DF /* Release */,
			);
			defaultConfigurationIsVisible = 0;
			defaultConfigurationName = Release;
		};
/* End XCConfigurationList section */
	};
	rootObject = 3202B03B26D44166005EF0DF /* Project object */;
}
